
Microsoft Visual Studio Solution File, Format Version 12.00
# Visual Studio Version 17
VisualStudioVersion = 17.9.34723.18
MinimumVisualStudioVersion = 10.0.40219.1
Project("{9A19103F-16F7-4668-BE54-9A1E7A4F7556}") = "GraphQL.Books", "GraphQL.Books\GraphQL.Books.csproj", "{4D02641E-F596-41C9-B84E-85715813BA23}"
EndProject
Global
	GlobalSection(SolutionConfigurationPlatforms) = preSolution
		Debug|Any CPU = Debug|Any CPU
		Release|Any CPU = Release|Any CPU
	EndGlobalSection
	GlobalSection(ProjectConfigurationPlatforms) = postSolution
		{4D02641E-F596-41C9-B84E-85715813BA23}.Debug|Any CPU.ActiveCfg = Debug|Any CPU
		{4D02641E-F596-41C9-B84E-85715813BA23}.Debug|Any CPU.Build.0 = Debug|Any CPU
		{4D02641E-F596-41C9-B84E-85715813BA23}.Release|Any CPU.ActiveCfg = Release|Any CPU
		{4D02641E-F596-41C9-B84E-85715813BA23}.Release|Any CPU.Build.0 = Release|Any CPU
	EndGlobalSection
	GlobalSection(SolutionProperties) = preSolution
		HideSolutionNode = FALSE
	EndGlobalSection
	GlobalSection(ExtensibilityGlobals) = postSolution
		SolutionGuid = {235139A2-E39A-44AE-B560-5992CA6E1613}
	EndGlobalSection
EndGlobal
